// !$*UTF8*$!
{
	archiveVersion = 1;
	classes = {
	};
	objectVersion = 56;
	objects = {

/* Begin PBXBuildFile section */
		7B01CE742986A9B40044CE1E /* WelcomeSheet in Frameworks */ = {isa = PBXBuildFile; productRef = 7B01CE732986A9B40044CE1E /* WelcomeSheet */; };
		D757A23328EEB0CD00056497 /* AppDelegate.swift in Sources */ = {isa = PBXBuildFile; fileRef = D757A23228EEB0CD00056497 /* AppDelegate.swift */; };
		D757A23528EEB0CD00056497 /* SceneDelegate.swift in Sources */ = {isa = PBXBuildFile; fileRef = D757A23428EEB0CD00056497 /* SceneDelegate.swift */; };
		D757A23728EEB0CD00056497 /* ViewController.swift in Sources */ = {isa = PBXBuildFile; fileRef = D757A23628EEB0CD00056497 /* ViewController.swift */; };
		D757A23A28EEB0CD00056497 /* Main.storyboard in Resources */ = {isa = PBXBuildFile; fileRef = D757A23828EEB0CD00056497 /* Main.storyboard */; };
		D757A23C28EEB0CE00056497 /* Assets.xcassets in Resources */ = {isa = PBXBuildFile; fileRef = D757A23B28EEB0CE00056497 /* Assets.xcassets */; };
		D757A23F28EEB0CE00056497 /* LaunchScreen.storyboard in Resources */ = {isa = PBXBuildFile; fileRef = D757A23D28EEB0CE00056497 /* LaunchScreen.storyboard */; };
/* End PBXBuildFile section */

/* Begin PBXFileReference section */
		3A867362296E08A700ED9C49 /* WelcomeSheet */ = {isa = PBXFileReference; lastKnownFileType = wrapper; name = WelcomeSheet; path = ../..; sourceTree = "<group>"; };
		D757A22F28EEB0CD00056497 /* UIKit-WelcomeSheetDemo.app */ = {isa = PBXFileReference; explicitFileType = wrapper.application; includeInIndex = 0; path = "UIKit-WelcomeSheetDemo.app"; sourceTree = BUILT_PRODUCTS_DIR; };
		D757A23228EEB0CD00056497 /* AppDelegate.swift */ = {isa = PBXFileReference; lastKnownFileType = sourcecode.swift; path = AppDelegate.swift; sourceTree = "<group>"; };
		D757A23428EEB0CD00056497 /* SceneDelegate.swift */ = {isa = PBXFileReference; lastKnownFileType = sourcecode.swift; path = SceneDelegate.swift; sourceTree = "<group>"; };
		D757A23628EEB0CD00056497 /* ViewController.swift */ = {isa = PBXFileReference; lastKnownFileType = sourcecode.swift; path = ViewController.swift; sourceTree = "<group>"; };
		D757A23928EEB0CD00056497 /* Base */ = {isa = PBXFileReference; lastKnownFileType = file.storyboard; name = Base; path = Base.lproj/Main.storyboard; sourceTree = "<group>"; };
		D757A23B28EEB0CE00056497 /* Assets.xcassets */ = {isa = PBXFileReference; lastKnownFileType = folder.assetcatalog; path = Assets.xcassets; sourceTree = "<group>"; };
		D757A23E28EEB0CE00056497 /* Base */ = {isa = PBXFileReference; lastKnownFileType = file.storyboard; name = Base; path = Base.lproj/LaunchScreen.storyboard; sourceTree = "<group>"; };
		D757A24028EEB0CE00056497 /* Info.plist */ = {isa = PBXFileReference; lastKnownFileType = text.plist.xml; path = Info.plist; sourceTree = "<group>"; };
		D757A24928EEB2F000056497 /* Welcome-Sheet */ = {isa = PBXFileReference; lastKnownFileType = wrapper; name = "Welcome-Sheet"; path = ../..; sourceTree = "<group>"; };
/* End PBXFileReference section */

/* Begin PBXFrameworksBuildPhase section */
		D757A22C28EEB0CD00056497 /* Frameworks */ = {
			isa = PBXFrameworksBuildPhase;
			buildActionMask = 2147483647;
			files = (
				7B01CE742986A9B40044CE1E /* WelcomeSheet in Frameworks */,
			);
			runOnlyForDeploymentPostprocessing = 0;
		};
/* End PBXFrameworksBuildPhase section */

/* Begin PBXGroup section */
		D757A22628EEB0CC00056497 = {
			isa = PBXGroup;
			children = (
				D757A23128EEB0CD00056497 /* UIKit-WelcomeSheetDemo */,
				D757A24828EEB2F000056497 /* Packages */,
				D757A23028EEB0CD00056497 /* Products */,
				D757A24A28EEB31000056497 /* Frameworks */,
			);
			sourceTree = "<group>";
		};
		D757A23028EEB0CD00056497 /* Products */ = {
			isa = PBXGroup;
			children = (
				D757A22F28EEB0CD00056497 /* UIKit-WelcomeSheetDemo.app */,
			);
			name = Products;
			sourceTree = "<group>";
		};
		D757A23128EEB0CD00056497 /* UIKit-WelcomeSheetDemo */ = {
			isa = PBXGroup;
			children = (
				D757A23228EEB0CD00056497 /* AppDelegate.swift */,
				D757A23428EEB0CD00056497 /* SceneDelegate.swift */,
				D757A23628EEB0CD00056497 /* ViewController.swift */,
				D757A23828EEB0CD00056497 /* Main.storyboard */,
				D757A23B28EEB0CE00056497 /* Assets.xcassets */,
				D757A23D28EEB0CE00056497 /* LaunchScreen.storyboard */,
				D757A24028EEB0CE00056497 /* Info.plist */,
			);
			path = "UIKit-WelcomeSheetDemo";
			sourceTree = "<group>";
		};
		D757A24828EEB2F000056497 /* Packages */ = {
			isa = PBXGroup;
			children = (
				D757A24928EEB2F000056497 /* Welcome-Sheet */,
				3A867362296E08A700ED9C49 /* WelcomeSheet */,
			);
			name = Packages;
			sourceTree = "<group>";
		};
		D757A24A28EEB31000056497 /* Frameworks */ = {
			isa = PBXGroup;
			children = (
			);
			name = Frameworks;
			sourceTree = "<group>";
		};
/* End PBXGroup section */

/* Begin PBXNativeTarget section */
		D757A22E28EEB0CD00056497 /* UIKit-WelcomeSheetDemo */ = {
			isa = PBXNativeTarget;
			buildConfigurationList = D757A24328EEB0CE00056497 /* Build configuration list for PBXNativeTarget "UIKit-WelcomeSheetDemo" */;
			buildPhases = (
				D757A22B28EEB0CD00056497 /* Sources */,
				D757A22C28EEB0CD00056497 /* Frameworks */,
				D757A22D28EEB0CD00056497 /* Resources */,
			);
			buildRules = (
			);
			dependencies = (
			);
			name = "UIKit-WelcomeSheetDemo";
			packageProductDependencies = (
				7B01CE732986A9B40044CE1E /* WelcomeSheet */,
			);
			productName = "UIKit-WelcomeSheetDemo";
			productReference = D757A22F28EEB0CD00056497 /* UIKit-WelcomeSheetDemo.app */;
			productType = "com.apple.product-type.application";
		};
/* End PBXNativeTarget section */

/* Begin PBXProject section */
		D757A22728EEB0CC00056497 /* Project object */ = {
			isa = PBXProject;
			attributes = {
				BuildIndependentTargetsInParallel = 1;
				LastSwiftUpdateCheck = 1410;
				LastUpgradeCheck = 1410;
				TargetAttributes = {
					D757A22E28EEB0CD00056497 = {
						CreatedOnToolsVersion = 14.1;
					};
				};
			};
			buildConfigurationList = D757A22A28EEB0CC00056497 /* Build configuration list for PBXProject "UIKit-WelcomeSheetDemo" */;
			compatibilityVersion = "Xcode 14.0";
			developmentRegion = en;
			hasScannedForEncodings = 0;
			knownRegions = (
				en,
				Base,
			);
			mainGroup = D757A22628EEB0CC00056497;
			productRefGroup = D757A23028EEB0CD00056497 /* Products */;
			projectDirPath = "";
			projectRoot = "";
			targets = (
				D757A22E28EEB0CD00056497 /* UIKit-WelcomeSheetDemo */,
			);
		};
/* End PBXProject section */

/* Begin PBXResourcesBuildPhase section */
		D757A22D28EEB0CD00056497 /* Resources */ = {
			isa = PBXResourcesBuildPhase;
			buildActionMask = 2147483647;
			files = (
				D757A23F28EEB0CE00056497 /* LaunchScreen.storyboard in Resources */,
				D757A23C28EEB0CE00056497 /* Assets.xcassets in Resources */,
				D757A23A28EEB0CD00056497 /* Main.storyboard in Resources */,
			);
			runOnlyForDeploymentPostprocessing = 0;
		};
/* End PBXResourcesBuildPhase section */

/* Begin PBXSourcesBuildPhase section */
		D757A22B28EEB0CD00056497 /* Sources */ = {
			isa = PBXSourcesBuildPhase;
			buildActionMask = 2147483647;
			files = (
				D757A23728EEB0CD00056497 /* ViewController.swift in Sources */,
				D757A23328EEB0CD00056497 /* AppDelegate.swift in Sources */,
				D757A23528EEB0CD00056497 /* SceneDelegate.swift in Sources */,
			);
			runOnlyForDeploymentPostprocessing = 0;
		};
/* End PBXSourcesBuildPhase section */

/* Begin PBXVariantGroup section */
		D757A23828EEB0CD00056497 /* Main.storyboard */ = {
			isa = PBXVariantGroup;
			children = (
				D757A23928EEB0CD00056497 /* Base */,
			);
			name = Main.storyboard;
			sourceTree = "<group>";
		};
		D757A23D28EEB0CE00056497 /* LaunchScreen.storyboard */ = {
			isa = PBXVariantGroup;
			children = (
				D757A23E28EEB0CE00056497 /* Base */,
			);
			name = LaunchScreen.storyboard;
			sourceTree = "<group>";
		};
/* End PBXVariantGroup section */

/* Begin XCBuildConfiguration section */
		D757A24128EEB0CE00056497 /* Debug */ = {
			isa = XCBuildConfiguration;
			buildSettings = {
				ALWAYS_SEARCH_USER_PATHS = NO;
				CLANG_ANALYZER_NONNULL = YES;
				CLANG_ANALYZER_NUMBER_OBJECT_CONVERSION = YES_AGGRESSIVE;
				CLANG_CXX_LANGUAGE_STANDARD = "gnu++20";
				CLANG_ENABLE_MODULES = YES;
				CLANG_ENABLE_OBJC_ARC = YES;
				CLANG_ENABLE_OBJC_WEAK = YES;
				CLANG_WARN_BLOCK_CAPTURE_AUTORELEASING = YES;
				CLANG_WARN_BOOL_CONVERSION = YES;
				CLANG_WARN_COMMA = YES;
				CLANG_WARN_CONSTANT_CONVERSION = YES;
				CLANG_WARN_DEPRECATED_OBJC_IMPLEMENTATIONS = YES;
				CLANG_WARN_DIRECT_OBJC_ISA_USAGE = YES_ERROR;
				CLANG_WARN_DOCUMENTATION_COMMENTS = YES;
				CLANG_WARN_EMPTY_BODY = YES;
				CLANG_WARN_ENUM_CONVERSION = YES;
				CLANG_WARN_INFINITE_RECURSION = YES;
				CLANG_WARN_INT_CONVERSION = YES;
				CLANG_WARN_NON_LITERAL_NULL_CONVERSION = YES;
				CLANG_WARN_OBJC_IMPLICIT_RETAIN_SELF = YES;
				CLANG_WARN_OBJC_LITERAL_CONVERSION = YES;
				CLANG_WARN_OBJC_ROOT_CLASS = YES_ERROR;
				CLANG_WARN_QUOTED_INCLUDE_IN_FRAMEWORK_HEADER = YES;
				CLANG_WARN_RANGE_LOOP_ANALYSIS = YES;
				CLANG_WARN_STRICT_PROTOTYPES = YES;
				CLANG_WARN_SUSPICIOUS_MOVE = YES;
				CLANG_WARN_UNGUARDED_AVAILABILITY = YES_AGGRESSIVE;
				CLANG_WARN_UNREACHABLE_CODE = YES;
				CLANG_WARN__DUPLICATE_METHOD_MATCH = YES;
				COPY_PHASE_STRIP = NO;
				DEBUG_INFORMATION_FORMAT = dwarf;
				ENABLE_STRICT_OBJC_MSGSEND = YES;
				ENABLE_TESTABILITY = YES;
				GCC_C_LANGUAGE_STANDARD = gnu11;
				GCC_DYNAMIC_NO_PIC = NO;
				GCC_NO_COMMON_BLOCKS = YES;
				GCC_OPTIMIZATION_LEVEL = 0;
				GCC_PREPROCESSOR_DEFINITIONS = (
					"DEBUG=1",
					"$(inherited)",
				);
				GCC_WARN_64_TO_32_BIT_CONVERSION = YES;
				GCC_WARN_ABOUT_RETURN_TYPE = YES_ERROR;
				GCC_WARN_UNDECLARED_SELECTOR = YES;
				GCC_WARN_UNINITIALIZED_AUTOS = YES_AGGRESSIVE;
				GCC_WARN_UNUSED_FUNCTION = YES;
				GCC_WARN_UNUSED_VARIABLE = YES;
				IPHONEOS_DEPLOYMENT_TARGET = 16.1;
				MTL_ENABLE_DEBUG_INFO = INCLUDE_SOURCE;
				MTL_FAST_MATH = YES;
				ONLY_ACTIVE_ARCH = YES;
				SDKROOT = iphoneos;
				SWIFT_ACTIVE_COMPILATION_CONDITIONS = DEBUG;
				SWIFT_OPTIMIZATION_LEVEL = "-Onone";
			};
			name = Debug;
		};
		D757A24228EEB0CE00056497 /* Release */ = {
			isa = XCBuildConfiguration;
			buildSettings = {
				ALWAYS_SEARCH_USER_PATHS = NO;
				CLANG_ANALYZER_NONNULL = YES;
				CLANG_ANALYZER_NUMBER_OBJECT_CONVERSION = YES_AGGRESSIVE;
				CLANG_CXX_LANGUAGE_STANDARD = "gnu++20";
				CLANG_ENABLE_MODULES = YES;
				CLANG_ENABLE_OBJC_ARC = YES;
				CLANG_ENABLE_OBJC_WEAK = YES;
				CLANG_WARN_BLOCK_CAPTURE_AUTORELEASING = YES;
				CLANG_WARN_BOOL_CONVERSION = YES;
				CLANG_WARN_COMMA = YES;
				CLANG_WARN_CONSTANT_CONVERSION = YES;
				CLANG_WARN_DEPRECATED_OBJC_IMPLEMENTATIONS = YES;
				CLANG_WARN_DIRECT_OBJC_ISA_USAGE = YES_ERROR;
				CLANG_WARN_DOCUMENTATION_COMMENTS = YES;
				CLANG_WARN_EMPTY_BODY = YES;
				CLANG_WARN_ENUM_CONVERSION = YES;
				CLANG_WARN_INFINITE_RECURSION = YES;
				CLANG_WARN_INT_CONVERSION = YES;
				CLANG_WARN_NON_LITERAL_NULL_CONVERSION = YES;
				CLANG_WARN_OBJC_IMPLICIT_RETAIN_SELF = YES;
				CLANG_WARN_OBJC_LITERAL_CONVERSION = YES;
				CLANG_WARN_OBJC_ROOT_CLASS = YES_ERROR;
				CLANG_WARN_QUOTED_INCLUDE_IN_FRAMEWORK_HEADER = YES;
				CLANG_WARN_RANGE_LOOP_ANALYSIS = YES;
				CLANG_WARN_STRICT_PROTOTYPES = YES;
				CLANG_WARN_SUSPICIOUS_MOVE = YES;
				CLANG_WARN_UNGUARDED_AVAILABILITY = YES_AGGRESSIVE;
				CLANG_WARN_UNREACHABLE_CODE = YES;
				CLANG_WARN__DUPLICATE_METHOD_MATCH = YES;
				COPY_PHASE_STRIP = NO;
				DEBUG_INFORMATION_FORMAT = "dwarf-with-dsym";
				ENABLE_NS_ASSERTIONS = NO;
				ENABLE_STRICT_OBJC_MSGSEND = YES;
				GCC_C_LANGUAGE_STANDARD = gnu11;
				GCC_NO_COMMON_BLOCKS = YES;
				GCC_WARN_64_TO_32_BIT_CONVERSION = YES;
				GCC_WARN_ABOUT_RETURN_TYPE = YES_ERROR;
				GCC_WARN_UNDECLARED_SELECTOR = YES;
				GCC_WARN_UNINITIALIZED_AUTOS = YES_AGGRESSIVE;
				GCC_WARN_UNUSED_FUNCTION = YES;
				GCC_WARN_UNUSED_VARIABLE = YES;
				IPHONEOS_DEPLOYMENT_TARGET = 16.1;
				MTL_ENABLE_DEBUG_INFO = NO;
				MTL_FAST_MATH = YES;
				SDKROOT = iphoneos;
				SWIFT_COMPILATION_MODE = wholemodule;
				SWIFT_OPTIMIZATION_LEVEL = "-O";
				VALIDATE_PRODUCT = YES;
			};
			name = Release;
		};
		D757A24428EEB0CE00056497 /* Debug */ = {
			isa = XCBuildConfiguration;
			buildSettings = {
				ASSETCATALOG_COMPILER_APPICON_NAME = AppIcon;
				ASSETCATALOG_COMPILER_GLOBAL_ACCENT_COLOR_NAME = AccentColor;
				CODE_SIGN_STYLE = Automatic;
				CURRENT_PROJECT_VERSION = 1;
				DEVELOPMENT_TEAM = T23P54M8LP;
				GENERATE_INFOPLIST_FILE = YES;
				INFOPLIST_FILE = "UIKit-WelcomeSheetDemo/Info.plist";
				INFOPLIST_KEY_UIApplicationSupportsIndirectInputEvents = YES;
				INFOPLIST_KEY_UILaunchStoryboardName = LaunchScreen;
				INFOPLIST_KEY_UIMainStoryboardFile = Main;
				INFOPLIST_KEY_UISupportedInterfaceOrientations_iPad = "UIInterfaceOrientationPortrait UIInterfaceOrientationPortraitUpsideDown UIInterfaceOrientationLandscapeLeft UIInterfaceOrientationLandscapeRight";
				INFOPLIST_KEY_UISupportedInterfaceOrientations_iPhone = "UIInterfaceOrientationPortrait UIInterfaceOrientationLandscapeLeft UIInterfaceOrientationLandscapeRight";
				LD_RUNPATH_SEARCH_PATHS = (
					"$(inherited)",
					"@executable_path/Frameworks",
				);
				MARKETING_VERSION = 1.0;
				PRODUCT_BUNDLE_IDENTIFIER = "com.jakubflorek.UIKit-WelcomeSheetDemo";
				PRODUCT_NAME = "$(TARGET_NAME)";
				SWIFT_EMIT_LOC_STRINGS = YES;
				SWIFT_VERSION = 5.0;
				TARGETED_DEVICE_FAMILY = "1,2";
			};
			name = Debug;
		};
		D757A24528EEB0CE00056497 /* Release */ = {
			isa = XCBuildConfiguration;
			buildSettings = {
				ASSETCATALOG_COMPILER_APPICON_NAME = AppIcon;
				ASSETCATALOG_COMPILER_GLOBAL_ACCENT_COLOR_NAME = AccentColor;
				CODE_SIGN_STYLE = Automatic;
				CURRENT_PROJECT_VERSION = 1;
				DEVELOPMENT_TEAM = T23P54M8LP;
				GENERATE_INFOPLIST_FILE = YES;
				INFOPLIST_FILE = "UIKit-WelcomeSheetDemo/Info.plist";
				INFOPLIST_KEY_UIApplicationSupportsIndirectInputEvents = YES;
				INFOPLIST_KEY_UILaunchStoryboardName = LaunchScreen;
				INFOPLIST_KEY_UIMainStoryboardFile = Main;
				INFOPLIST_KEY_UISupportedInterfaceOrientations_iPad = "UIInterfaceOrientationPortrait UIInterfaceOrientationPortraitUpsideDown UIInterfaceOrientationLandscapeLeft UIInterfaceOrientationLandscapeRight";
				INFOPLIST_KEY_UISupportedInterfaceOrientations_iPhone = "UIInterfaceOrientationPortrait UIInterfaceOrientationLandscapeLeft UIInterfaceOrientationLandscapeRight";
				LD_RUNPATH_SEARCH_PATHS = (
					"$(inherited)",
					"@executable_path/Frameworks",
				);
				MARKETING_VERSION = 1.0;
				PRODUCT_BUNDLE_IDENTIFIER = "com.jakubflorek.UIKit-WelcomeSheetDemo";
				PRODUCT_NAME = "$(TARGET_NAME)";
				SWIFT_EMIT_LOC_STRINGS = YES;
				SWIFT_VERSION = 5.0;
				TARGETED_DEVICE_FAMILY = "1,2";
			};
			name = Release;
		};
/* End XCBuildConfiguration section */

/* Begin XCConfigurationList section */
		D757A22A28EEB0CC00056497 /* Build configuration list for PBXProject "UIKit-WelcomeSheetDemo" */ = {
			isa = XCConfigurationList;
			buildConfigurations = (
				D757A24128EEB0CE00056497 /* Debug */,
				D757A24228EEB0CE00056497 /* Release */,
			);
			defaultConfigurationIsVisible = 0;
			defaultConfigurationName = Release;
		};
		D757A24328EEB0CE00056497 /* Build configuration list for PBXNativeTarget "UIKit-WelcomeSheetDemo" */ = {
			isa = XCConfigurationList;
			buildConfigurations = (
				D757A24428EEB0CE00056497 /* Debug */,
				D757A24528EEB0CE00056497 /* Release */,
			);
			defaultConfigurationIsVisible = 0;
			defaultConfigurationName = Release;
		};
/* End XCConfigurationList section */

/* Begin XCSwiftPackageProductDependency section */
		7B01CE732986A9B40044CE1E /* WelcomeSheet */ = {
			isa = XCSwiftPackageProductDependency;
			productName = WelcomeSheet;
		};
/* End XCSwiftPackageProductDependency section */
	};
	rootObject = D757A22728EEB0CC00056497 /* Project object */;
}
