// !$*UTF8*$!
{
	archiveVersion = 1;
	classes = {
	};
	objectVersion = 56;
	objects = {

/* Begin PBXBuildFile section */
		7B5F339A2978166000E957C1 /* AppDelegate.swift in Sources */ = {isa = PBXBuildFile; fileRef = 7B5F33992978166000E957C1 /* AppDelegate.swift */; };
		7B5F339C2978166000E957C1 /* SceneDelegate.swift in Sources */ = {isa = PBXBuildFile; fileRef = 7B5F339B2978166000E957C1 /* SceneDelegate.swift */; };
		7B5F339E2978166000E957C1 /* ViewController.swift in Sources */ = {isa = PBXBuildFile; fileRef = 7B5F339D2978166000E957C1 /* ViewController.swift */; };
		7B5F33A12978166000E957C1 /* Main.storyboard in Resources */ = {isa = PBXBuildFile; fileRef = 7B5F339F2978166000E957C1 /* Main.storyboard */; };
		7B5F33A32978166100E957C1 /* Assets.xcassets in Resources */ = {isa = PBXBuildFile; fileRef = 7B5F33A22978166100E957C1 /* Assets.xcassets */; };
		7B5F33A62978166100E957C1 /* LaunchScreen.storyboard in Resources */ = {isa = PBXBuildFile; fileRef = 7B5F33A42978166100E957C1 /* LaunchScreen.storyboard */; };
		7B5F33B12978170500E957C1 /* WelcomeSheet in Frameworks */ = {isa = PBXBuildFile; productRef = 7B5F33B02978170500E957C1 /* WelcomeSheet */; };
/* End PBXBuildFile section */

/* Begin PBXFileReference section */
		7B5F33962978166000E957C1 /* UIKit-Storyboard-WelcomeSheetDemo.app */ = {isa = PBXFileReference; explicitFileType = wrapper.application; includeInIndex = 0; path = "UIKit-Storyboard-WelcomeSheetDemo.app"; sourceTree = BUILT_PRODUCTS_DIR; };
		7B5F33992978166000E957C1 /* AppDelegate.swift */ = {isa = PBXFileReference; lastKnownFileType = sourcecode.swift; path = AppDelegate.swift; sourceTree = "<group>"; };
		7B5F339B2978166000E957C1 /* SceneDelegate.swift */ = {isa = PBXFileReference; lastKnownFileType = sourcecode.swift; path = SceneDelegate.swift; sourceTree = "<group>"; };
		7B5F339D2978166000E957C1 /* ViewController.swift */ = {isa = PBXFileReference; lastKnownFileType = sourcecode.swift; path = ViewController.swift; sourceTree = "<group>"; };
		7B5F33A02978166000E957C1 /* Base */ = {isa = PBXFileReference; lastKnownFileType = file.storyboard; name = Base; path = Base.lproj/Main.storyboard; sourceTree = "<group>"; };
		7B5F33A22978166100E957C1 /* Assets.xcassets */ = {isa = PBXFileReference; lastKnownFileType = folder.assetcatalog; path = Assets.xcassets; sourceTree = "<group>"; };
		7B5F33A52978166100E957C1 /* Base */ = {isa = PBXFileReference; lastKnownFileType = file.storyboard; name = Base; path = Base.lproj/LaunchScreen.storyboard; sourceTree = "<group>"; };
		7B5F33A72978166100E957C1 /* Info.plist */ = {isa = PBXFileReference; lastKnownFileType = text.plist.xml; path = Info.plist; sourceTree = "<group>"; };
		7B5F33AE297816BB00E957C1 /* Welcome-Sheet */ = {isa = PBXFileReference; lastKnownFileType = wrapper; name = "Welcome-Sheet"; path = ../..; sourceTree = "<group>"; };
/* End PBXFileReference section */

/* Begin PBXFrameworksBuildPhase section */
		7B5F33932978166000E957C1 /* Frameworks */ = {
			isa = PBXFrameworksBuildPhase;
			buildActionMask = 2147483647;
			files = (
				7B5F33B12978170500E957C1 /* WelcomeSheet in Frameworks */,
			);
			runOnlyForDeploymentPostprocessing = 0;
		};
/* End PBXFrameworksBuildPhase section */

/* Begin PBXGroup section */
		7B5F338D2978166000E957C1 = {
			isa = PBXGroup;
			children = (
				7B5F33AD297816BB00E957C1 /* Packages */,
				7B5F33982978166000E957C1 /* UIKit-Storyboard-WelcomeSheetDemo */,
				7B5F33972978166000E957C1 /* Products */,
				7B5F33AF2978170500E957C1 /* Frameworks */,
			);
			sourceTree = "<group>";
		};
		7B5F33972978166000E957C1 /* Products */ = {
			isa = PBXGroup;
			children = (
				7B5F33962978166000E957C1 /* UIKit-Storyboard-WelcomeSheetDemo.app */,
			);
			name = Products;
			sourceTree = "<group>";
		};
		7B5F33982978166000E957C1 /* UIKit-Storyboard-WelcomeSheetDemo */ = {
			isa = PBXGroup;
			children = (
				7B5F33992978166000E957C1 /* AppDelegate.swift */,
				7B5F339B2978166000E957C1 /* SceneDelegate.swift */,
				7B5F339D2978166000E957C1 /* ViewController.swift */,
				7B5F339F2978166000E957C1 /* Main.storyboard */,
				7B5F33A22978166100E957C1 /* Assets.xcassets */,
				7B5F33A42978166100E957C1 /* LaunchScreen.storyboard */,
				7B5F33A72978166100E957C1 /* Info.plist */,
			);
			path = "UIKit-Storyboard-WelcomeSheetDemo";
			sourceTree = "<group>";
		};
		7B5F33AD297816BB00E957C1 /* Packages */ = {
			isa = PBXGroup;
			children = (
				7B5F33AE297816BB00E957C1 /* Welcome-Sheet */,
			);
			name = Packages;
			sourceTree = "<group>";
		};
		7B5F33AF2978170500E957C1 /* Frameworks */ = {
			isa = PBXGroup;
			children = (
			);
			name = Frameworks;
			sourceTree = "<group>";
		};
/* End PBXGroup section */

/* Begin PBXNativeTarget section */
		7B5F33952978166000E957C1 /* UIKit-Storyboard-WelcomeSheetDemo */ = {
			isa = PBXNativeTarget;
			buildConfigurationList = 7B5F33AA2978166100E957C1 /* Build configuration list for PBXNativeTarget "UIKit-Storyboard-WelcomeSheetDemo" */;
			buildPhases = (
				7B5F33922978166000E957C1 /* Sources */,
				7B5F33932978166000E957C1 /* Frameworks */,
				7B5F33942978166000E957C1 /* Resources */,
			);
			buildRules = (
			);
			dependencies = (
			);
			name = "UIKit-Storyboard-WelcomeSheetDemo";
			packageProductDependencies = (
				7B5F33B02978170500E957C1 /* WelcomeSheet */,
			);
			productName = "UIKit-Storyboard-WelcomeSheetDemo";
			productReference = 7B5F33962978166000E957C1 /* UIKit-Storyboard-WelcomeSheetDemo.app */;
			productType = "com.apple.product-type.application";
		};
/* End PBXNativeTarget section */

/* Begin PBXProject section */
		7B5F338E2978166000E957C1 /* Project object */ = {
			isa = PBXProject;
			attributes = {
				BuildIndependentTargetsInParallel = 1;
				LastSwiftUpdateCheck = 1420;
				LastUpgradeCheck = 1420;
				TargetAttributes = {
					7B5F33952978166000E957C1 = {
						CreatedOnToolsVersion = 14.2;
					};
				};
			};
			buildConfigurationList = 7B5F33912978166000E957C1 /* Build configuration list for PBXProject "UIKit-Storyboard-WelcomeSheetDemo" */;
			compatibilityVersion = "Xcode 14.0";
			developmentRegion = en;
			hasScannedForEncodings = 0;
			knownRegions = (
				en,
				Base,
			);
			mainGroup = 7B5F338D2978166000E957C1;
			productRefGroup = 7B5F33972978166000E957C1 /* Products */;
			projectDirPath = "";
			projectRoot = "";
			targets = (
				7B5F33952978166000E957C1 /* UIKit-Storyboard-WelcomeSheetDemo */,
			);
		};
/* End PBXProject section */

/* Begin PBXResourcesBuildPhase section */
		7B5F33942978166000E957C1 /* Resources */ = {
			isa = PBXResourcesBuildPhase;
			buildActionMask = 2147483647;
			files = (
				7B5F33A62978166100E957C1 /* LaunchScreen.storyboard in Resources */,
				7B5F33A32978166100E957C1 /* Assets.xcassets in Resources */,
				7B5F33A12978166000E957C1 /* Main.storyboard in Resources */,
			);
			runOnlyForDeploymentPostprocessing = 0;
		};
/* End PBXResourcesBuildPhase section */

/* Begin PBXSourcesBuildPhase section */
		7B5F33922978166000E957C1 /* Sources */ = {
			isa = PBXSourcesBuildPhase;
			buildActionMask = 2147483647;
			files = (
				7B5F339E2978166000E957C1 /* ViewController.swift in Sources */,
				7B5F339A2978166000E957C1 /* AppDelegate.swift in Sources */,
				7B5F339C2978166000E957C1 /* SceneDelegate.swift in Sources */,
			);
			runOnlyForDeploymentPostprocessing = 0;
		};
/* End PBXSourcesBuildPhase section */

/* Begin PBXVariantGroup section */
		7B5F339F2978166000E957C1 /* Main.storyboard */ = {
			isa = PBXVariantGroup;
			children = (
				7B5F33A02978166000E957C1 /* Base */,
			);
			name = Main.storyboard;
			sourceTree = "<group>";
		};
		7B5F33A42978166100E957C1 /* LaunchScreen.storyboard */ = {
			isa = PBXVariantGroup;
			children = (
				7B5F33A52978166100E957C1 /* Base */,
			);
			name = LaunchScreen.storyboard;
			sourceTree = "<group>";
		};
/* End PBXVariantGroup section */

/* Begin XCBuildConfiguration section */
		7B5F33A82978166100E957C1 /* Debug */ = {
			isa = XCBuildConfiguration;
			buildSettings = {
				ALWAYS_SEARCH_USER_PATHS = NO;
				CLANG_ANALYZER_NONNULL = YES;
				CLANG_ANALYZER_NUMBER_OBJECT_CONVERSION = YES_AGGRESSIVE;
				CLANG_CXX_LANGUAGE_STANDARD = "gnu++20";
				CLANG_ENABLE_MODULES = YES;
				CLANG_ENABLE_OBJC_ARC = YES;
				CLANG_ENABLE_OBJC_WEAK = YES;
				CLANG_WARN_BLOCK_CAPTURE_AUTORELEASING = YES;
				CLANG_WARN_BOOL_CONVERSION = YES;
				CLANG_WARN_COMMA = YES;
				CLANG_WARN_CONSTANT_CONVERSION = YES;
				CLANG_WARN_DEPRECATED_OBJC_IMPLEMENTATIONS = YES;
				CLANG_WARN_DIRECT_OBJC_ISA_USAGE = YES_ERROR;
				CLANG_WARN_DOCUMENTATION_COMMENTS = YES;
				CLANG_WARN_EMPTY_BODY = YES;
				CLANG_WARN_ENUM_CONVERSION = YES;
				CLANG_WARN_INFINITE_RECURSION = YES;
				CLANG_WARN_INT_CONVERSION = YES;
				CLANG_WARN_NON_LITERAL_NULL_CONVERSION = YES;
				CLANG_WARN_OBJC_IMPLICIT_RETAIN_SELF = YES;
				CLANG_WARN_OBJC_LITERAL_CONVERSION = YES;
				CLANG_WARN_OBJC_ROOT_CLASS = YES_ERROR;
				CLANG_WARN_QUOTED_INCLUDE_IN_FRAMEWORK_HEADER = YES;
				CLANG_WARN_RANGE_LOOP_ANALYSIS = YES;
				CLANG_WARN_STRICT_PROTOTYPES = YES;
				CLANG_WARN_SUSPICIOUS_MOVE = YES;
				CLANG_WARN_UNGUARDED_AVAILABILITY = YES_AGGRESSIVE;
				CLANG_WARN_UNREACHABLE_CODE = YES;
				CLANG_WARN__DUPLICATE_METHOD_MATCH = YES;
				COPY_PHASE_STRIP = NO;
				DEBUG_INFORMATION_FORMAT = dwarf;
				ENABLE_STRICT_OBJC_MSGSEND = YES;
				ENABLE_TESTABILITY = YES;
				GCC_C_LANGUAGE_STANDARD = gnu11;
				GCC_DYNAMIC_NO_PIC = NO;
				GCC_NO_COMMON_BLOCKS = YES;
				GCC_OPTIMIZATION_LEVEL = 0;
				GCC_PREPROCESSOR_DEFINITIONS = (
					"DEBUG=1",
					"$(inherited)",
				);
				GCC_WARN_64_TO_32_BIT_CONVERSION = YES;
				GCC_WARN_ABOUT_RETURN_TYPE = YES_ERROR;
				GCC_WARN_UNDECLARED_SELECTOR = YES;
				GCC_WARN_UNINITIALIZED_AUTOS = YES_AGGRESSIVE;
				GCC_WARN_UNUSED_FUNCTION = YES;
				GCC_WARN_UNUSED_VARIABLE = YES;
				IPHONEOS_DEPLOYMENT_TARGET = 16.2;
				MTL_ENABLE_DEBUG_INFO = INCLUDE_SOURCE;
				MTL_FAST_MATH = YES;
				ONLY_ACTIVE_ARCH = YES;
				SDKROOT = iphoneos;
				SWIFT_ACTIVE_COMPILATION_CONDITIONS = DEBUG;
				SWIFT_OPTIMIZATION_LEVEL = "-Onone";
			};
			name = Debug;
		};
		7B5F33A92978166100E957C1 /* Release */ = {
			isa = XCBuildConfiguration;
			buildSettings = {
				ALWAYS_SEARCH_USER_PATHS = NO;
				CLANG_ANALYZER_NONNULL = YES;
				CLANG_ANALYZER_NUMBER_OBJECT_CONVERSION = YES_AGGRESSIVE;
				CLANG_CXX_LANGUAGE_STANDARD = "gnu++20";
				CLANG_ENABLE_MODULES = YES;
				CLANG_ENABLE_OBJC_ARC = YES;
				CLANG_ENABLE_OBJC_WEAK = YES;
				CLANG_WARN_BLOCK_CAPTURE_AUTORELEASING = YES;
				CLANG_WARN_BOOL_CONVERSION = YES;
				CLANG_WARN_COMMA = YES;
				CLANG_WARN_CONSTANT_CONVERSION = YES;
				CLANG_WARN_DEPRECATED_OBJC_IMPLEMENTATIONS = YES;
				CLANG_WARN_DIRECT_OBJC_ISA_USAGE = YES_ERROR;
				CLANG_WARN_DOCUMENTATION_COMMENTS = YES;
				CLANG_WARN_EMPTY_BODY = YES;
				CLANG_WARN_ENUM_CONVERSION = YES;
				CLANG_WARN_INFINITE_RECURSION = YES;
				CLANG_WARN_INT_CONVERSION = YES;
				CLANG_WARN_NON_LITERAL_NULL_CONVERSION = YES;
				CLANG_WARN_OBJC_IMPLICIT_RETAIN_SELF = YES;
				CLANG_WARN_OBJC_LITERAL_CONVERSION = YES;
				CLANG_WARN_OBJC_ROOT_CLASS = YES_ERROR;
				CLANG_WARN_QUOTED_INCLUDE_IN_FRAMEWORK_HEADER = YES;
				CLANG_WARN_RANGE_LOOP_ANALYSIS = YES;
				CLANG_WARN_STRICT_PROTOTYPES = YES;
				CLANG_WARN_SUSPICIOUS_MOVE = YES;
				CLANG_WARN_UNGUARDED_AVAILABILITY = YES_AGGRESSIVE;
				CLANG_WARN_UNREACHABLE_CODE = YES;
				CLANG_WARN__DUPLICATE_METHOD_MATCH = YES;
				COPY_PHASE_STRIP = NO;
				DEBUG_INFORMATION_FORMAT = "dwarf-with-dsym";
				ENABLE_NS_ASSERTIONS = NO;
				ENABLE_STRICT_OBJC_MSGSEND = YES;
				GCC_C_LANGUAGE_STANDARD = gnu11;
				GCC_NO_COMMON_BLOCKS = YES;
				GCC_WARN_64_TO_32_BIT_CONVERSION = YES;
				GCC_WARN_ABOUT_RETURN_TYPE = YES_ERROR;
				GCC_WARN_UNDECLARED_SELECTOR = YES;
				GCC_WARN_UNINITIALIZED_AUTOS = YES_AGGRESSIVE;
				GCC_WARN_UNUSED_FUNCTION = YES;
				GCC_WARN_UNUSED_VARIABLE = YES;
				IPHONEOS_DEPLOYMENT_TARGET = 16.2;
				MTL_ENABLE_DEBUG_INFO = NO;
				MTL_FAST_MATH = YES;
				SDKROOT = iphoneos;
				SWIFT_COMPILATION_MODE = wholemodule;
				SWIFT_OPTIMIZATION_LEVEL = "-O";
				VALIDATE_PRODUCT = YES;
			};
			name = Release;
		};
		7B5F33AB2978166100E957C1 /* Debug */ = {
			isa = XCBuildConfiguration;
			buildSettings = {
				ASSETCATALOG_COMPILER_APPICON_NAME = AppIcon;
				ASSETCATALOG_COMPILER_GLOBAL_ACCENT_COLOR_NAME = AccentColor;
				CODE_SIGN_STYLE = Automatic;
				CURRENT_PROJECT_VERSION = 1;
				DEVELOPMENT_TEAM = EUKTZ7725R;
				GENERATE_INFOPLIST_FILE = YES;
				INFOPLIST_FILE = "UIKit-Storyboard-WelcomeSheetDemo/Info.plist";
				INFOPLIST_KEY_UIApplicationSupportsIndirectInputEvents = YES;
				INFOPLIST_KEY_UILaunchStoryboardName = LaunchScreen;
				INFOPLIST_KEY_UIMainStoryboardFile = Main;
				INFOPLIST_KEY_UISupportedInterfaceOrientations_iPad = "UIInterfaceOrientationPortrait UIInterfaceOrientationPortraitUpsideDown UIInterfaceOrientationLandscapeLeft UIInterfaceOrientationLandscapeRight";
				INFOPLIST_KEY_UISupportedInterfaceOrientations_iPhone = "UIInterfaceOrientationPortrait UIInterfaceOrientationLandscapeLeft UIInterfaceOrientationLandscapeRight";
				LD_RUNPATH_SEARCH_PATHS = (
					"$(inherited)",
					"@executable_path/Frameworks",
				);
				MARKETING_VERSION = 1.0;
				PRODUCT_BUNDLE_IDENTIFIER = "com.jakubflorek.UIKit-WelcomeSheetDemo.UIKit-Storyboard-WelcomeSheetDemo";
				PRODUCT_NAME = "$(TARGET_NAME)";
				SWIFT_EMIT_LOC_STRINGS = YES;
				SWIFT_VERSION = 5.0;
				TARGETED_DEVICE_FAMILY = "1,2";
			};
			name = Debug;
		};
		7B5F33AC2978166100E957C1 /* Release */ = {
			isa = XCBuildConfiguration;
			buildSettings = {
				ASSETCATALOG_COMPILER_APPICON_NAME = AppIcon;
				ASSETCATALOG_COMPILER_GLOBAL_ACCENT_COLOR_NAME = AccentColor;
				CODE_SIGN_STYLE = Automatic;
				CURRENT_PROJECT_VERSION = 1;
				DEVELOPMENT_TEAM = EUKTZ7725R;
				GENERATE_INFOPLIST_FILE = YES;
				INFOPLIST_FILE = "UIKit-Storyboard-WelcomeSheetDemo/Info.plist";
				INFOPLIST_KEY_UIApplicationSupportsIndirectInputEvents = YES;
				INFOPLIST_KEY_UILaunchStoryboardName = LaunchScreen;
				INFOPLIST_KEY_UIMainStoryboardFile = Main;
				INFOPLIST_KEY_UISupportedInterfaceOrientations_iPad = "UIInterfaceOrientationPortrait UIInterfaceOrientationPortraitUpsideDown UIInterfaceOrientationLandscapeLeft UIInterfaceOrientationLandscapeRight";
				INFOPLIST_KEY_UISupportedInterfaceOrientations_iPhone = "UIInterfaceOrientationPortrait UIInterfaceOrientationLandscapeLeft UIInterfaceOrientationLandscapeRight";
				LD_RUNPATH_SEARCH_PATHS = (
					"$(inherited)",
					"@executable_path/Frameworks",
				);
				MARKETING_VERSION = 1.0;
				PRODUCT_BUNDLE_IDENTIFIER = "com.jakubflorek.UIKit-WelcomeSheetDemo.UIKit-Storyboard-WelcomeSheetDemo";
				PRODUCT_NAME = "$(TARGET_NAME)";
				SWIFT_EMIT_LOC_STRINGS = YES;
				SWIFT_VERSION = 5.0;
				TARGETED_DEVICE_FAMILY = "1,2";
			};
			name = Release;
		};
/* End XCBuildConfiguration section */

/* Begin XCConfigurationList section */
		7B5F33912978166000E957C1 /* Build configuration list for PBXProject "UIKit-Storyboard-WelcomeSheetDemo" */ = {
			isa = XCConfigurationList;
			buildConfigurations = (
				7B5F33A82978166100E957C1 /* Debug */,
				7B5F33A92978166100E957C1 /* Release */,
			);
			defaultConfigurationIsVisible = 0;
			defaultConfigurationName = Release;
		};
		7B5F33AA2978166100E957C1 /* Build configuration list for PBXNativeTarget "UIKit-Storyboard-WelcomeSheetDemo" */ = {
			isa = XCConfigurationList;
			buildConfigurations = (
				7B5F33AB2978166100E957C1 /* Debug */,
				7B5F33AC2978166100E957C1 /* Release */,
			);
			defaultConfigurationIsVisible = 0;
			defaultConfigurationName = Release;
		};
/* End XCConfigurationList section */

/* Begin XCSwiftPackageProductDependency section */
		7B5F33B02978170500E957C1 /* WelcomeSheet */ = {
			isa = XCSwiftPackageProductDependency;
			productName = WelcomeSheet;
		};
/* End XCSwiftPackageProductDependency section */
	};
	rootObject = 7B5F338E2978166000E957C1 /* Project object */;
}
